// !$*UTF8*$!
{
	archiveVersion = 1;
	classes = {
	};
	objectVersion = 56;
	objects = {

/* Begin PBXBuildFile section */
		83C09F122ABC651500C50A01 /* CatAPIApp.swift in Sources */ = {isa = PBXBuildFile; fileRef = 83C09F112ABC651500C50A01 /* CatAPIApp.swift */; };
		83C09F142ABC651500C50A01 /* ContentView.swift in Sources */ = {isa = PBXBuildFile; fileRef = 83C09F132ABC651500C50A01 /* ContentView.swift */; };
		83C09F162ABC651500C50A01 /* Assets.xcassets in Resources */ = {isa = PBXBuildFile; fileRef = 83C09F152ABC651500C50A01 /* Assets.xcassets */; };
		83C09F192ABC651500C50A01 /* Preview Assets.xcassets in Resources */ = {isa = PBXBuildFile; fileRef = 83C09F182ABC651500C50A01 /* Preview Assets.xcassets */; };
		83C09F232ABC651500C50A01 /* CatAPITests.swift in Sources */ = {isa = PBXBuildFile; fileRef = 83C09F222ABC651500C50A01 /* CatAPITests.swift */; };
		83C09F2D2ABC651500C50A01 /* CatAPIUITests.swift in Sources */ = {isa = PBXBuildFile; fileRef = 83C09F2C2ABC651500C50A01 /* CatAPIUITests.swift */; };
		83C09F2F2ABC651500C50A01 /* CatAPIUITestsLaunchTests.swift in Sources */ = {isa = PBXBuildFile; fileRef = 83C09F2E2ABC651500C50A01 /* CatAPIUITestsLaunchTests.swift */; };
/* End PBXBuildFile section */

/* Begin PBXContainerItemProxy section */
		83C09F1F2ABC651500C50A01 /* PBXContainerItemProxy */ = {
			isa = PBXContainerItemProxy;
			containerPortal = 83C09F062ABC651400C50A01 /* Project object */;
			proxyType = 1;
			remoteGlobalIDString = 83C09F0D2ABC651500C50A01;
			remoteInfo = CatAPI;
		};
		83C09F292ABC651500C50A01 /* PBXContainerItemProxy */ = {
			isa = PBXContainerItemProxy;
			containerPortal = 83C09F062ABC651400C50A01 /* Project object */;
			proxyType = 1;
			remoteGlobalIDString = 83C09F0D2ABC651500C50A01;
			remoteInfo = CatAPI;
		};
/* End PBXContainerItemProxy section */

/* Begin PBXFileReference section */
		83C09F0E2ABC651500C50A01 /* CatAPI.app */ = {isa = PBXFileReference; explicitFileType = wrapper.application; includeInIndex = 0; path = CatAPI.app; sourceTree = BUILT_PRODUCTS_DIR; };
		83C09F112ABC651500C50A01 /* CatAPIApp.swift */ = {isa = PBXFileReference; lastKnownFileType = sourcecode.swift; path = CatAPIApp.swift; sourceTree = "<group>"; };
		83C09F132ABC651500C50A01 /* ContentView.swift */ = {isa = PBXFileReference; lastKnownFileType = sourcecode.swift; path = ContentView.swift; sourceTree = "<group>"; };
		83C09F152ABC651500C50A01 /* Assets.xcassets */ = {isa = PBXFileReference; lastKnownFileType = folder.assetcatalog; path = Assets.xcassets; sourceTree = "<group>"; };
		83C09F182ABC651500C50A01 /* Preview Assets.xcassets */ = {isa = PBXFileReference; lastKnownFileType = folder.assetcatalog; path = "Preview Assets.xcassets"; sourceTree = "<group>"; };
		83C09F1E2ABC651500C50A01 /* CatAPITests.xctest */ = {isa = PBXFileReference; explicitFileType = wrapper.cfbundle; includeInIndex = 0; path = CatAPITests.xctest; sourceTree = BUILT_PRODUCTS_DIR; };
		83C09F222ABC651500C50A01 /* CatAPITests.swift */ = {isa = PBXFileReference; lastKnownFileType = sourcecode.swift; path = CatAPITests.swift; sourceTree = "<group>"; };
		83C09F282ABC651500C50A01 /* CatAPIUITests.xctest */ = {isa = PBXFileReference; explicitFileType = wrapper.cfbundle; includeInIndex = 0; path = CatAPIUITests.xctest; sourceTree = BUILT_PRODUCTS_DIR; };
		83C09F2C2ABC651500C50A01 /* CatAPIUITests.swift */ = {isa = PBXFileReference; lastKnownFileType = sourcecode.swift; path = CatAPIUITests.swift; sourceTree = "<group>"; };
		83C09F2E2ABC651500C50A01 /* CatAPIUITestsLaunchTests.swift */ = {isa = PBXFileReference; lastKnownFileType = sourcecode.swift; path = CatAPIUITestsLaunchTests.swift; sourceTree = "<group>"; };
/* End PBXFileReference section */

/* Begin PBXFrameworksBuildPhase section */
		83C09F0B2ABC651500C50A01 /* Frameworks */ = {
			isa = PBXFrameworksBuildPhase;
			buildActionMask = 2147483647;
			files = (
			);
			runOnlyForDeploymentPostprocessing = 0;
		};
		83C09F1B2ABC651500C50A01 /* Frameworks */ = {
			isa = PBXFrameworksBuildPhase;
			buildActionMask = 2147483647;
			files = (
			);
			runOnlyForDeploymentPostprocessing = 0;
		};
		83C09F252ABC651500C50A01 /* Frameworks */ = {
			isa = PBXFrameworksBuildPhase;
			buildActionMask = 2147483647;
			files = (
			);
			runOnlyForDeploymentPostprocessing = 0;
		};
/* End PBXFrameworksBuildPhase section */

/* Begin PBXGroup section */
		83C09F052ABC651400C50A01 = {
			isa = PBXGroup;
			children = (
				83C09F102ABC651500C50A01 /* CatAPI */,
				83C09F212ABC651500C50A01 /* CatAPITests */,
				83C09F2B2ABC651500C50A01 /* CatAPIUITests */,
				83C09F0F2ABC651500C50A01 /* Products */,
			);
			sourceTree = "<group>";
		};
		83C09F0F2ABC651500C50A01 /* Products */ = {
			isa = PBXGroup;
			children = (
				83C09F0E2ABC651500C50A01 /* CatAPI.app */,
				83C09F1E2ABC651500C50A01 /* CatAPITests.xctest */,
				83C09F282ABC651500C50A01 /* CatAPIUITests.xctest */,
			);
			name = Products;
			sourceTree = "<group>";
		};
		83C09F102ABC651500C50A01 /* CatAPI */ = {
			isa = PBXGroup;
			children = (
				83C09F112ABC651500C50A01 /* CatAPIApp.swift */,
				83C09F132ABC651500C50A01 /* ContentView.swift */,
				83C09F152ABC651500C50A01 /* Assets.xcassets */,
				83C09F172ABC651500C50A01 /* Preview Content */,
			);
			path = CatAPI;
			sourceTree = "<group>";
		};
		83C09F172ABC651500C50A01 /* Preview Content */ = {
			isa = PBXGroup;
			children = (
				83C09F182ABC651500C50A01 /* Preview Assets.xcassets */,
			);
			path = "Preview Content";
			sourceTree = "<group>";
		};
		83C09F212ABC651500C50A01 /* CatAPITests */ = {
			isa = PBXGroup;
			children = (
				83C09F222ABC651500C50A01 /* CatAPITests.swift */,
			);
			path = CatAPITests;
			sourceTree = "<group>";
		};
		83C09F2B2ABC651500C50A01 /* CatAPIUITests */ = {
			isa = PBXGroup;
			children = (
				83C09F2C2ABC651500C50A01 /* CatAPIUITests.swift */,
				83C09F2E2ABC651500C50A01 /* CatAPIUITestsLaunchTests.swift */,
			);
			path = CatAPIUITests;
			sourceTree = "<group>";
		};
/* End PBXGroup section */

/* Begin PBXNativeTarget section */
		83C09F0D2ABC651500C50A01 /* CatAPI */ = {
			isa = PBXNativeTarget;
			buildConfigurationList = 83C09F322ABC651500C50A01 /* Build configuration list for PBXNativeTarget "CatAPI" */;
			buildPhases = (
				83C09F0A2ABC651500C50A01 /* Sources */,
				83C09F0B2ABC651500C50A01 /* Frameworks */,
				83C09F0C2ABC651500C50A01 /* Resources */,
			);
			buildRules = (
			);
			dependencies = (
			);
			name = CatAPI;
			productName = CatAPI;
			productReference = 83C09F0E2ABC651500C50A01 /* CatAPI.app */;
			productType = "com.apple.product-type.application";
		};
		83C09F1D2ABC651500C50A01 /* CatAPITests */ = {
			isa = PBXNativeTarget;
			buildConfigurationList = 83C09F352ABC651500C50A01 /* Build configuration list for PBXNativeTarget "CatAPITests" */;
			buildPhases = (
				83C09F1A2ABC651500C50A01 /* Sources */,
				83C09F1B2ABC651500C50A01 /* Frameworks */,
				83C09F1C2ABC651500C50A01 /* Resources */,
			);
			buildRules = (
			);
			dependencies = (
				83C09F202ABC651500C50A01 /* PBXTargetDependency */,
			);
			name = CatAPITests;
			productName = CatAPITests;
			productReference = 83C09F1E2ABC651500C50A01 /* CatAPITests.xctest */;
			productType = "com.apple.product-type.bundle.unit-test";
		};
		83C09F272ABC651500C50A01 /* CatAPIUITests */ = {
			isa = PBXNativeTarget;
			buildConfigurationList = 83C09F382ABC651500C50A01 /* Build configuration list for PBXNativeTarget "CatAPIUITests" */;
			buildPhases = (
				83C09F242ABC651500C50A01 /* Sources */,
				83C09F252ABC651500C50A01 /* Frameworks */,
				83C09F262ABC651500C50A01 /* Resources */,
			);
			buildRules = (
			);
			dependencies = (
				83C09F2A2ABC651500C50A01 /* PBXTargetDependency */,
			);
			name = CatAPIUITests;
			productName = CatAPIUITests;
			productReference = 83C09F282ABC651500C50A01 /* CatAPIUITests.xctest */;
			productType = "com.apple.product-type.bundle.ui-testing";
		};
/* End PBXNativeTarget section */

/* Begin PBXProject section */
		83C09F062ABC651400C50A01 /* Project object */ = {
			isa = PBXProject;
			attributes = {
				BuildIndependentTargetsInParallel = 1;
				LastSwiftUpdateCheck = 1430;
				LastUpgradeCheck = 1430;
				TargetAttributes = {
					83C09F0D2ABC651500C50A01 = {
						CreatedOnToolsVersion = 14.3.1;
					};
					83C09F1D2ABC651500C50A01 = {
						CreatedOnToolsVersion = 14.3.1;
						TestTargetID = 83C09F0D2ABC651500C50A01;
					};
					83C09F272ABC651500C50A01 = {
						CreatedOnToolsVersion = 14.3.1;
						TestTargetID = 83C09F0D2ABC651500C50A01;
					};
				};
			};
			buildConfigurationList = 83C09F092ABC651400C50A01 /* Build configuration list for PBXProject "CatAPI" */;
			compatibilityVersion = "Xcode 14.0";
			developmentRegion = en;
			hasScannedForEncodings = 0;
			knownRegions = (
				en,
				Base,
			);
			mainGroup = 83C09F052ABC651400C50A01;
			productRefGroup = 83C09F0F2ABC651500C50A01 /* Products */;
			projectDirPath = "";
			projectRoot = "";
			targets = (
				83C09F0D2ABC651500C50A01 /* CatAPI */,
				83C09F1D2ABC651500C50A01 /* CatAPITests */,
				83C09F272ABC651500C50A01 /* CatAPIUITests */,
			);
		};
/* End PBXProject section */

/* Begin PBXResourcesBuildPhase section */
		83C09F0C2ABC651500C50A01 /* Resources */ = {
			isa = PBXResourcesBuildPhase;
			buildActionMask = 2147483647;
			files = (
				83C09F192ABC651500C50A01 /* Preview Assets.xcassets in Resources */,
				83C09F162ABC651500C50A01 /* Assets.xcassets in Resources */,
			);
			runOnlyForDeploymentPostprocessing = 0;
		};
		83C09F1C2ABC651500C50A01 /* Resources */ = {
			isa = PBXResourcesBuildPhase;
			buildActionMask = 2147483647;
			files = (
			);
			runOnlyForDeploymentPostprocessing = 0;
		};
		83C09F262ABC651500C50A01 /* Resources */ = {
			isa = PBXResourcesBuildPhase;
			buildActionMask = 2147483647;
			files = (
			);
			runOnlyForDeploymentPostprocessing = 0;
		};
/* End PBXResourcesBuildPhase section */

/* Begin PBXSourcesBuildPhase section */
		83C09F0A2ABC651500C50A01 /* Sources */ = {
			isa = PBXSourcesBuildPhase;
			buildActionMask = 2147483647;
			files = (
				83C09F142ABC651500C50A01 /* ContentView.swift in Sources */,
				83C09F122ABC651500C50A01 /* CatAPIApp.swift in Sources */,
			);
			runOnlyForDeploymentPostprocessing = 0;
		};
		83C09F1A2ABC651500C50A01 /* Sources */ = {
			isa = PBXSourcesBuildPhase;
			buildActionMask = 2147483647;
			files = (
				83C09F232ABC651500C50A01 /* CatAPITests.swift in Sources */,
			);
			runOnlyForDeploymentPostprocessing = 0;
		};
		83C09F242ABC651500C50A01 /* Sources */ = {
			isa = PBXSourcesBuildPhase;
			buildActionMask = 2147483647;
			files = (
				83C09F2F2ABC651500C50A01 /* CatAPIUITestsLaunchTests.swift in Sources */,
				83C09F2D2ABC651500C50A01 /* CatAPIUITests.swift in Sources */,
			);
			runOnlyForDeploymentPostprocessing = 0;
		};
/* End PBXSourcesBuildPhase section */

/* Begin PBXTargetDependency section */
		83C09F202ABC651500C50A01 /* PBXTargetDependency */ = {
			isa = PBXTargetDependency;
			target = 83C09F0D2ABC651500C50A01 /* CatAPI */;
			targetProxy = 83C09F1F2ABC651500C50A01 /* PBXContainerItemProxy */;
		};
		83C09F2A2ABC651500C50A01 /* PBXTargetDependency */ = {
			isa = PBXTargetDependency;
			target = 83C09F0D2ABC651500C50A01 /* CatAPI */;
			targetProxy = 83C09F292ABC651500C50A01 /* PBXContainerItemProxy */;
		};
/* End PBXTargetDependency section */

/* Begin XCBuildConfiguration section */
		83C09F302ABC651500C50A01 /* Debug */ = {
			isa = XCBuildConfiguration;
			buildSettings = {
				ALWAYS_SEARCH_USER_PATHS = NO;
				CLANG_ANALYZER_NONNULL = YES;
				CLANG_ANALYZER_NUMBER_OBJECT_CONVERSION = YES_AGGRESSIVE;
				CLANG_CXX_LANGUAGE_STANDARD = "gnu++20";
				CLANG_ENABLE_MODULES = YES;
				CLANG_ENABLE_OBJC_ARC = YES;
				CLANG_ENABLE_OBJC_WEAK = YES;
				CLANG_WARN_BLOCK_CAPTURE_AUTORELEASING = YES;
				CLANG_WARN_BOOL_CONVERSION = YES;
				CLANG_WARN_COMMA = YES;
				CLANG_WARN_CONSTANT_CONVERSION = YES;
				CLANG_WARN_DEPRECATED_OBJC_IMPLEMENTATIONS = YES;
				CLANG_WARN_DIRECT_OBJC_ISA_USAGE = YES_ERROR;
				CLANG_WARN_DOCUMENTATION_COMMENTS = YES;
				CLANG_WARN_EMPTY_BODY = YES;
				CLANG_WARN_ENUM_CONVERSION = YES;
				CLANG_WARN_INFINITE_RECURSION = YES;
				CLANG_WARN_INT_CONVERSION = YES;
				CLANG_WARN_NON_LITERAL_NULL_CONVERSION = YES;
				CLANG_WARN_OBJC_IMPLICIT_RETAIN_SELF = YES;
				CLANG_WARN_OBJC_LITERAL_CONVERSION = YES;
				CLANG_WARN_OBJC_ROOT_CLASS = YES_ERROR;
				CLANG_WARN_QUOTED_INCLUDE_IN_FRAMEWORK_HEADER = YES;
				CLANG_WARN_RANGE_LOOP_ANALYSIS = YES;
				CLANG_WARN_STRICT_PROTOTYPES = YES;
				CLANG_WARN_SUSPICIOUS_MOVE = YES;
				CLANG_WARN_UNGUARDED_AVAILABILITY = YES_AGGRESSIVE;
				CLANG_WARN_UNREACHABLE_CODE = YES;
				CLANG_WARN__DUPLICATE_METHOD_MATCH = YES;
				COPY_PHASE_STRIP = NO;
				DEBUG_INFORMATION_FORMAT = dwarf;
				ENABLE_STRICT_OBJC_MSGSEND = YES;
				ENABLE_TESTABILITY = YES;
				GCC_C_LANGUAGE_STANDARD = gnu11;
				GCC_DYNAMIC_NO_PIC = NO;
				GCC_NO_COMMON_BLOCKS = YES;
				GCC_OPTIMIZATION_LEVEL = 0;
				GCC_PREPROCESSOR_DEFINITIONS = (
					"DEBUG=1",
					"$(inherited)",
				);
				GCC_WARN_64_TO_32_BIT_CONVERSION = YES;
				GCC_WARN_ABOUT_RETURN_TYPE = YES_ERROR;
				GCC_WARN_UNDECLARED_SELECTOR = YES;
				GCC_WARN_UNINITIALIZED_AUTOS = YES_AGGRESSIVE;
				GCC_WARN_UNUSED_FUNCTION = YES;
				GCC_WARN_UNUSED_VARIABLE = YES;
				IPHONEOS_DEPLOYMENT_TARGET = 16.4;
				MTL_ENABLE_DEBUG_INFO = INCLUDE_SOURCE;
				MTL_FAST_MATH = YES;
				ONLY_ACTIVE_ARCH = YES;
				SDKROOT = iphoneos;
				SWIFT_ACTIVE_COMPILATION_CONDITIONS = DEBUG;
				SWIFT_OPTIMIZATION_LEVEL = "-Onone";
			};
			name = Debug;
		};
		83C09F312ABC651500C50A01 /* Release */ = {
			isa = XCBuildConfiguration;
			buildSettings = {
				ALWAYS_SEARCH_USER_PATHS = NO;
				CLANG_ANALYZER_NONNULL = YES;
				CLANG_ANALYZER_NUMBER_OBJECT_CONVERSION = YES_AGGRESSIVE;
				CLANG_CXX_LANGUAGE_STANDARD = "gnu++20";
				CLANG_ENABLE_MODULES = YES;
				CLANG_ENABLE_OBJC_ARC = YES;
				CLANG_ENABLE_OBJC_WEAK = YES;
				CLANG_WARN_BLOCK_CAPTURE_AUTORELEASING = YES;
				CLANG_WARN_BOOL_CONVERSION = YES;
				CLANG_WARN_COMMA = YES;
				CLANG_WARN_CONSTANT_CONVERSION = YES;
				CLANG_WARN_DEPRECATED_OBJC_IMPLEMENTATIONS = YES;
				CLANG_WARN_DIRECT_OBJC_ISA_USAGE = YES_ERROR;
				CLANG_WARN_DOCUMENTATION_COMMENTS = YES;
				CLANG_WARN_EMPTY_BODY = YES;
				CLANG_WARN_ENUM_CONVERSION = YES;
				CLANG_WARN_INFINITE_RECURSION = YES;
				CLANG_WARN_INT_CONVERSION = YES;
				CLANG_WARN_NON_LITERAL_NULL_CONVERSION = YES;
				CLANG_WARN_OBJC_IMPLICIT_RETAIN_SELF = YES;
				CLANG_WARN_OBJC_LITERAL_CONVERSION = YES;
				CLANG_WARN_OBJC_ROOT_CLASS = YES_ERROR;
				CLANG_WARN_QUOTED_INCLUDE_IN_FRAMEWORK_HEADER = YES;
				CLANG_WARN_RANGE_LOOP_ANALYSIS = YES;
				CLANG_WARN_STRICT_PROTOTYPES = YES;
				CLANG_WARN_SUSPICIOUS_MOVE = YES;
				CLANG_WARN_UNGUARDED_AVAILABILITY = YES_AGGRESSIVE;
				CLANG_WARN_UNREACHABLE_CODE = YES;
				CLANG_WARN__DUPLICATE_METHOD_MATCH = YES;
				COPY_PHASE_STRIP = NO;
				DEBUG_INFORMATION_FORMAT = "dwarf-with-dsym";
				ENABLE_NS_ASSERTIONS = NO;
				ENABLE_STRICT_OBJC_MSGSEND = YES;
				GCC_C_LANGUAGE_STANDARD = gnu11;
				GCC_NO_COMMON_BLOCKS = YES;
				GCC_WARN_64_TO_32_BIT_CONVERSION = YES;
				GCC_WARN_ABOUT_RETURN_TYPE = YES_ERROR;
				GCC_WARN_UNDECLARED_SELECTOR = YES;
				GCC_WARN_UNINITIALIZED_AUTOS = YES_AGGRESSIVE;
				GCC_WARN_UNUSED_FUNCTION = YES;
				GCC_WARN_UNUSED_VARIABLE = YES;
				IPHONEOS_DEPLOYMENT_TARGET = 16.4;
				MTL_ENABLE_DEBUG_INFO = NO;
				MTL_FAST_MATH = YES;
				SDKROOT = iphoneos;
				SWIFT_COMPILATION_MODE = wholemodule;
				SWIFT_OPTIMIZATION_LEVEL = "-O";
				VALIDATE_PRODUCT = YES;
			};
			name = Release;
		};
		83C09F332ABC651500C50A01 /* Debug */ = {
			isa = XCBuildConfiguration;
			buildSettings = {
				ASSETCATALOG_COMPILER_APPICON_NAME = AppIcon;
				ASSETCATALOG_COMPILER_GLOBAL_ACCENT_COLOR_NAME = AccentColor;
				CODE_SIGN_STYLE = Automatic;
				CURRENT_PROJECT_VERSION = 1;
				DEVELOPMENT_ASSET_PATHS = "\"CatAPI/Preview Content\"";
				DEVELOPMENT_TEAM = ERT3ZH7BA7;
				ENABLE_PREVIEWS = YES;
				GENERATE_INFOPLIST_FILE = YES;
				INFOPLIST_KEY_UIApplicationSceneManifest_Generation = YES;
				INFOPLIST_KEY_UIApplicationSupportsIndirectInputEvents = YES;
				INFOPLIST_KEY_UILaunchScreen_Generation = YES;
				INFOPLIST_KEY_UISupportedInterfaceOrientations_iPad = "UIInterfaceOrientationPortrait UIInterfaceOrientationPortraitUpsideDown UIInterfaceOrientationLandscapeLeft UIInterfaceOrientationLandscapeRight";
				INFOPLIST_KEY_UISupportedInterfaceOrientations_iPhone = "UIInterfaceOrientationPortrait UIInterfaceOrientationLandscapeLeft UIInterfaceOrientationLandscapeRight";
				LD_RUNPATH_SEARCH_PATHS = (
					"$(inherited)",
					"@executable_path/Frameworks",
				);
				MARKETING_VERSION = 1.0;
				PRODUCT_BUNDLE_IDENTIFIER = com.polywinterdisign.CatAPI;
				PRODUCT_NAME = "$(TARGET_NAME)";
				SWIFT_EMIT_LOC_STRINGS = YES;
				SWIFT_VERSION = 5.0;
				TARGETED_DEVICE_FAMILY = "1,2";
			};
			name = Debug;
		};
		83C09F342ABC651500C50A01 /* Release */ = {
			isa = XCBuildConfiguration;
			buildSettings = {
				ASSETCATALOG_COMPILER_APPICON_NAME = AppIcon;
				ASSETCATALOG_COMPILER_GLOBAL_ACCENT_COLOR_NAME = AccentColor;
				CODE_SIGN_STYLE = Automatic;
				CURRENT_PROJECT_VERSION = 1;
				DEVELOPMENT_ASSET_PATHS = "\"CatAPI/Preview Content\"";
				DEVELOPMENT_TEAM = ERT3ZH7BA7;
				ENABLE_PREVIEWS = YES;
				GENERATE_INFOPLIST_FILE = YES;
				INFOPLIST_KEY_UIApplicationSceneManifest_Generation = YES;
				INFOPLIST_KEY_UIApplicationSupportsIndirectInputEvents = YES;
				INFOPLIST_KEY_UILaunchScreen_Generation = YES;
				INFOPLIST_KEY_UISupportedInterfaceOrientations_iPad = "UIInterfaceOrientationPortrait UIInterfaceOrientationPortraitUpsideDown UIInterfaceOrientationLandscapeLeft UIInterfaceOrientationLandscapeRight";
				INFOPLIST_KEY_UISupportedInterfaceOrientations_iPhone = "UIInterfaceOrientationPortrait UIInterfaceOrientationLandscapeLeft UIInterfaceOrientationLandscapeRight";
				LD_RUNPATH_SEARCH_PATHS = (
					"$(inherited)",
					"@executable_path/Frameworks",
				);
				MARKETING_VERSION = 1.0;
				PRODUCT_BUNDLE_IDENTIFIER = com.polywinterdisign.CatAPI;
				PRODUCT_NAME = "$(TARGET_NAME)";
				SWIFT_EMIT_LOC_STRINGS = YES;
				SWIFT_VERSION = 5.0;
				TARGETED_DEVICE_FAMILY = "1,2";
			};
			name = Release;
		};
		83C09F362ABC651500C50A01 /* Debug */ = {
			isa = XCBuildConfiguration;
			buildSettings = {
				ALWAYS_EMBED_SWIFT_STANDARD_LIBRARIES = YES;
				BUNDLE_LOADER = "$(TEST_HOST)";
				CODE_SIGN_STYLE = Automatic;
				CURRENT_PROJECT_VERSION = 1;
				DEVELOPMENT_TEAM = ERT3ZH7BA7;
				GENERATE_INFOPLIST_FILE = YES;
				IPHONEOS_DEPLOYMENT_TARGET = 16.4;
				MARKETING_VERSION = 1.0;
				PRODUCT_BUNDLE_IDENTIFIER = com.polywinterdisign.CatAPITests;
				PRODUCT_NAME = "$(TARGET_NAME)";
				SWIFT_EMIT_LOC_STRINGS = NO;
				SWIFT_VERSION = 5.0;
				TARGETED_DEVICE_FAMILY = "1,2";
				TEST_HOST = "$(BUILT_PRODUCTS_DIR)/CatAPI.app/$(BUNDLE_EXECUTABLE_FOLDER_PATH)/CatAPI";
			};
			name = Debug;
		};
		83C09F372ABC651500C50A01 /* Release */ = {
			isa = XCBuildConfiguration;
			buildSettings = {
				ALWAYS_EMBED_SWIFT_STANDARD_LIBRARIES = YES;
				BUNDLE_LOADER = "$(TEST_HOST)";
				CODE_SIGN_STYLE = Automatic;
				CURRENT_PROJECT_VERSION = 1;
				DEVELOPMENT_TEAM = ERT3ZH7BA7;
				GENERATE_INFOPLIST_FILE = YES;
				IPHONEOS_DEPLOYMENT_TARGET = 16.4;
				MARKETING_VERSION = 1.0;
				PRODUCT_BUNDLE_IDENTIFIER = com.polywinterdisign.CatAPITests;
				PRODUCT_NAME = "$(TARGET_NAME)";
				SWIFT_EMIT_LOC_STRINGS = NO;
				SWIFT_VERSION = 5.0;
				TARGETED_DEVICE_FAMILY = "1,2";
				TEST_HOST = "$(BUILT_PRODUCTS_DIR)/CatAPI.app/$(BUNDLE_EXECUTABLE_FOLDER_PATH)/CatAPI";
			};
			name = Release;
		};
		83C09F392ABC651500C50A01 /* Debug */ = {
			isa = XCBuildConfiguration;
			buildSettings = {
				ALWAYS_EMBED_SWIFT_STANDARD_LIBRARIES = YES;
				CODE_SIGN_STYLE = Automatic;
				CURRENT_PROJECT_VERSION = 1;
				DEVELOPMENT_TEAM = ERT3ZH7BA7;
				GENERATE_INFOPLIST_FILE = YES;
				MARKETING_VERSION = 1.0;
				PRODUCT_BUNDLE_IDENTIFIER = com.polywinterdisign.CatAPIUITests;
				PRODUCT_NAME = "$(TARGET_NAME)";
				SWIFT_EMIT_LOC_STRINGS = NO;
				SWIFT_VERSION = 5.0;
				TARGETED_DEVICE_FAMILY = "1,2";
				TEST_TARGET_NAME = CatAPI;
			};
			name = Debug;
		};
		83C09F3A2ABC651500C50A01 /* Release */ = {
			isa = XCBuildConfiguration;
			buildSettings = {
				ALWAYS_EMBED_SWIFT_STANDARD_LIBRARIES = YES;
				CODE_SIGN_STYLE = Automatic;
				CURRENT_PROJECT_VERSION = 1;
				DEVELOPMENT_TEAM = ERT3ZH7BA7;
				GENERATE_INFOPLIST_FILE = YES;
				MARKETING_VERSION = 1.0;
				PRODUCT_BUNDLE_IDENTIFIER = com.polywinterdisign.CatAPIUITests;
				PRODUCT_NAME = "$(TARGET_NAME)";
				SWIFT_EMIT_LOC_STRINGS = NO;
				SWIFT_VERSION = 5.0;
				TARGETED_DEVICE_FAMILY = "1,2";
				TEST_TARGET_NAME = CatAPI;
			};
			name = Release;
		};
/* End XCBuildConfiguration section */

/* Begin XCConfigurationList section */
		83C09F092ABC651400C50A01 /* Build configuration list for PBXProject "CatAPI" */ = {
			isa = XCConfigurationList;
			buildConfigurations = (
				83C09F302ABC651500C50A01 /* Debug */,
				83C09F312ABC651500C50A01 /* Release */,
			);
			defaultConfigurationIsVisible = 0;
			defaultConfigurationName = Release;
		};
		83C09F322ABC651500C50A01 /* Build configuration list for PBXNativeTarget "CatAPI" */ = {
			isa = XCConfigurationList;
			buildConfigurations = (
				83C09F332ABC651500C50A01 /* Debug */,
				83C09F342ABC651500C50A01 /* Release */,
			);
			defaultConfigurationIsVisible = 0;
			defaultConfigurationName = Release;
		};
		83C09F352ABC651500C50A01 /* Build configuration list for PBXNativeTarget "CatAPITests" */ = {
			isa = XCConfigurationList;
			buildConfigurations = (
				83C09F362ABC651500C50A01 /* Debug */,
				83C09F372ABC651500C50A01 /* Release */,
			);
			defaultConfigurationIsVisible = 0;
			defaultConfigurationName = Release;
		};
		83C09F382ABC651500C50A01 /* Build configuration list for PBXNativeTarget "CatAPIUITests" */ = {
			isa = XCConfigurationList;
			buildConfigurations = (
				83C09F392ABC651500C50A01 /* Debug */,
				83C09F3A2ABC651500C50A01 /* Release */,
			);
			defaultConfigurationIsVisible = 0;
			defaultConfigurationName = Release;
		};
/* End XCConfigurationList section */
	};
	rootObject = 83C09F062ABC651400C50A01 /* Project object */;
}
